
Microsoft Visual Studio Solution File, Format Version 12.00
# Visual Studio Version 16
VisualStudioVersion = 16.0.31019.35
MinimumVisualStudioVersion = 15.0.26124.0
Project("{2150E333-8FDC-42A3-9474-1A3956D46DE8}") = "Regulus.Library", "Regulus.Library", "{24B11D41-9E8A-4D46-857E-DE71DABC6D80}"
EndProject
Project("{9A19103F-16F7-4668-BE54-9A1E7A4F7556}") = "Regulus.Remote.Server", "..\..\Regulus.Remote\Regulus.Remote.Server\Regulus.Remote.Server.csproj", "{79D04894-412F-46C9-8645-C79E07505EEC}"
EndProject
Project("{9A19103F-16F7-4668-BE54-9A1E7A4F7556}") = "Regulus.Remote.Client", "..\..\Regulus.Remote\Regulus.Remote.Client\Regulus.Remote.Client.csproj", "{01610514-FA02-445B-A1E0-656779979D0B}"
EndProject
Project("{9A19103F-16F7-4668-BE54-9A1E7A4F7556}") = "Regulus.Remote.Standalone", "..\..\Regulus.Remote\Regulus.Remote.Standalone\Regulus.Remote.Standalone.csproj", "{5768FBCD-D696-43A4-B614-B86D4E254B61}"
EndProject
Project("{9A19103F-16F7-4668-BE54-9A1E7A4F7556}") = "Regulus.Network", "..\..\Regulus.Remote\Regulus.Network\Regulus.Network.csproj", "{CD7EBB68-9508-4D20-AE31-57D6B6B204F7}"
EndProject
Project("{9A19103F-16F7-4668-BE54-9A1E7A4F7556}") = "Regulus.Remote", "..\..\Regulus.Remote\Regulus.Remote\Regulus.Remote.csproj", "{600C5F21-EAC1-4D51-ADDE-56188042BEF7}"
EndProject
Project("{9A19103F-16F7-4668-BE54-9A1E7A4F7556}") = "Regulus.Remote.Protocol", "..\..\Regulus.Remote\Regulus.Remote.Protocol\Regulus.Remote.Protocol.csproj", "{0D41C06F-7659-43F1-9938-D0277A0863B2}"
EndProject
Project("{9A19103F-16F7-4668-BE54-9A1E7A4F7556}") = "Regulus.Remote.Soul", "..\..\Regulus.Remote\Regulus.Remote.Soul\Regulus.Remote.Soul.csproj", "{2087F183-3544-4E87-8AD1-01D668E60444}"
EndProject
Project("{9A19103F-16F7-4668-BE54-9A1E7A4F7556}") = "Regulus.Remote.Ghost", "..\..\Regulus.Remote\Regulus.Remote.Ghost\Regulus.Remote.Ghost.csproj", "{DCBD8D78-4C3D-484F-B79C-38034C467DE2}"
EndProject
Project("{9A19103F-16F7-4668-BE54-9A1E7A4F7556}") = "Regulus.Utility", "..\..\Regulus.Remote\RegulusUtility\Regulus.Utility\Regulus.Utility.csproj", "{8BC9E49D-47AD-4F9E-B657-EB8DEE22C2D4}"
EndProject
Project("{9A19103F-16F7-4668-BE54-9A1E7A4F7556}") = "Regulus.Serialization", "..\..\Regulus.Remote\Regulus.Serialization\Regulus.Serialization.csproj", "{F7D01144-7447-4D0F-A592-2796F68D1828}"
EndProject
Project("{9A19103F-16F7-4668-BE54-9A1E7A4F7556}") = "Regulus.SlitherLike.Logic.Common", "Regulus.SlitherLike.Logic.Common\Regulus.SlitherLike.Logic.Common.csproj", "{C7362340-DB5C-456A-8077-7264F97577AF}"
EndProject
Project("{9A19103F-16F7-4668-BE54-9A1E7A4F7556}") = "Regulus.SlitherLike.Logic.Main", "Regulus.SlitherLike.Logic.Main\Regulus.SlitherLike.Logic.Main.csproj", "{9B4B6A20-A21E-4249-83AD-B1673B910207}"
EndProject
Project("{9A19103F-16F7-4668-BE54-9A1E7A4F7556}") = "Regulus.SlitherLike.Logic.Protocol", "Regulus.SlitherLike.Logic.Protocol\Regulus.SlitherLike.Logic.Protocol.csproj", "{40C7E791-3D2A-44B2-B3E0-360247AFAF76}"
EndProject
Project("{9A19103F-16F7-4668-BE54-9A1E7A4F7556}") = "Regulus.QuadTree", "..\..\Regulus.Miscellaneous\Regulus.QuadTree\Regulus.QuadTree.csproj", "{34EC70BD-0F3F-4F33-97CB-24585C011632}"
EndProject
Project("{9A19103F-16F7-4668-BE54-9A1E7A4F7556}") = "Regulus.SlitherLike.Logic.Tests", "Regulus.SlitherLike.Logic.Tests\Regulus.SlitherLike.Logic.Tests.csproj", "{D90C77BA-D078-4620-905B-9DE11F108976}"
EndProject
Project("{9A19103F-16F7-4668-BE54-9A1E7A4F7556}") = "Regulus.Remote.Reactive", "..\..\Regulus.Remote\Regulus.Remote.Reactive\Regulus.Remote.Reactive.csproj", "{53FBD9C8-F000-444E-9212-39DE0F0990FB}"
EndProject
Project("{FAE04EC0-301F-11D3-BF4B-00C04F79EFBC}") = "Regulus.SlitherLike.Logic.Server", "Regulus.SlitherLike.Logic.Server\Regulus.SlitherLike.Logic.Server.csproj", "{A79DE3FD-E198-460F-8C18-EAB12F4BBAEE}"
EndProject
Global
	GlobalSection(SolutionConfigurationPlatforms) = preSolution
		Debug|Any CPU = Debug|Any CPU
		Debug|x64 = Debug|x64
		Debug|x86 = Debug|x86
		Release|Any CPU = Release|Any CPU
		Release|x64 = Release|x64
		Release|x86 = Release|x86
	EndGlobalSection
	GlobalSection(ProjectConfigurationPlatforms) = postSolution
		{79D04894-412F-46C9-8645-C79E07505EEC}.Debug|Any CPU.ActiveCfg = Debug|Any CPU
		{79D04894-412F-46C9-8645-C79E07505EEC}.Debug|Any CPU.Build.0 = Debug|Any CPU
		{79D04894-412F-46C9-8645-C79E07505EEC}.Debug|x64.ActiveCfg = Debug|Any CPU
		{79D04894-412F-46C9-8645-C79E07505EEC}.Debug|x64.Build.0 = Debug|Any CPU
		{79D04894-412F-46C9-8645-C79E07505EEC}.Debug|x86.ActiveCfg = Debug|Any CPU
		{79D04894-412F-46C9-8645-C79E07505EEC}.Debug|x86.Build.0 = Debug|Any CPU
		{79D04894-412F-46C9-8645-C79E07505EEC}.Release|Any CPU.ActiveCfg = Release|Any CPU
		{79D04894-412F-46C9-8645-C79E07505EEC}.Release|Any CPU.Build.0 = Release|Any CPU
		{79D04894-412F-46C9-8645-C79E07505EEC}.Release|x64.ActiveCfg = Release|Any CPU
		{79D04894-412F-46C9-8645-C79E07505EEC}.Release|x64.Build.0 = Release|Any CPU
		{79D04894-412F-46C9-8645-C79E07505EEC}.Release|x86.ActiveCfg = Release|Any CPU
		{79D04894-412F-46C9-8645-C79E07505EEC}.Release|x86.Build.0 = Release|Any CPU
		{01610514-FA02-445B-A1E0-656779979D0B}.Debug|Any CPU.ActiveCfg = Debug|Any CPU
		{01610514-FA02-445B-A1E0-656779979D0B}.Debug|Any CPU.Build.0 = Debug|Any CPU
		{01610514-FA02-445B-A1E0-656779979D0B}.Debug|x64.ActiveCfg = Debug|Any CPU
		{01610514-FA02-445B-A1E0-656779979D0B}.Debug|x64.Build.0 = Debug|Any CPU
		{01610514-FA02-445B-A1E0-656779979D0B}.Debug|x86.ActiveCfg = Debug|Any CPU
		{01610514-FA02-445B-A1E0-656779979D0B}.Debug|x86.Build.0 = Debug|Any CPU
		{01610514-FA02-445B-A1E0-656779979D0B}.Release|Any CPU.ActiveCfg = Release|Any CPU
		{01610514-FA02-445B-A1E0-656779979D0B}.Release|Any CPU.Build.0 = Release|Any CPU
		{01610514-FA02-445B-A1E0-656779979D0B}.Release|x64.ActiveCfg = Release|Any CPU
		{01610514-FA02-445B-A1E0-656779979D0B}.Release|x64.Build.0 = Release|Any CPU
		{01610514-FA02-445B-A1E0-656779979D0B}.Release|x86.ActiveCfg = Release|Any CPU
		{01610514-FA02-445B-A1E0-656779979D0B}.Release|x86.Build.0 = Release|Any CPU
		{5768FBCD-D696-43A4-B614-B86D4E254B61}.Debug|Any CPU.ActiveCfg = Debug|Any CPU
		{5768FBCD-D696-43A4-B614-B86D4E254B61}.Debug|Any CPU.Build.0 = Debug|Any CPU
		{5768FBCD-D696-43A4-B614-B86D4E254B61}.Debug|x64.ActiveCfg = Debug|Any CPU
		{5768FBCD-D696-43A4-B614-B86D4E254B61}.Debug|x64.Build.0 = Debug|Any CPU
		{5768FBCD-D696-43A4-B614-B86D4E254B61}.Debug|x86.ActiveCfg = Debug|Any CPU
		{5768FBCD-D696-43A4-B614-B86D4E254B61}.Debug|x86.Build.0 = Debug|Any CPU
		{5768FBCD-D696-43A4-B614-B86D4E254B61}.Release|Any CPU.ActiveCfg = Release|Any CPU
		{5768FBCD-D696-43A4-B614-B86D4E254B61}.Release|Any CPU.Build.0 = Release|Any CPU
		{5768FBCD-D696-43A4-B614-B86D4E254B61}.Release|x64.ActiveCfg = Release|Any CPU
		{5768FBCD-D696-43A4-B614-B86D4E254B61}.Release|x64.Build.0 = Release|Any CPU
		{5768FBCD-D696-43A4-B614-B86D4E254B61}.Release|x86.ActiveCfg = Release|Any CPU
		{5768FBCD-D696-43A4-B614-B86D4E254B61}.Release|x86.Build.0 = Release|Any CPU
		{CD7EBB68-9508-4D20-AE31-57D6B6B204F7}.Debug|Any CPU.ActiveCfg = Debug|Any CPU
		{CD7EBB68-9508-4D20-AE31-57D6B6B204F7}.Debug|Any CPU.Build.0 = Debug|Any CPU
		{CD7EBB68-9508-4D20-AE31-57D6B6B204F7}.Debug|x64.ActiveCfg = Debug|Any CPU
		{CD7EBB68-9508-4D20-AE31-57D6B6B204F7}.Debug|x64.Build.0 = Debug|Any CPU
		{CD7EBB68-9508-4D20-AE31-57D6B6B204F7}.Debug|x86.ActiveCfg = Debug|Any CPU
		{CD7EBB68-9508-4D20-AE31-57D6B6B204F7}.Debug|x86.Build.0 = Debug|Any CPU
		{CD7EBB68-9508-4D20-AE31-57D6B6B204F7}.Release|Any CPU.ActiveCfg = Release|Any CPU
		{CD7EBB68-9508-4D20-AE31-57D6B6B204F7}.Release|Any CPU.Build.0 = Release|Any CPU
		{CD7EBB68-9508-4D20-AE31-57D6B6B204F7}.Release|x64.ActiveCfg = Release|Any CPU
		{CD7EBB68-9508-4D20-AE31-57D6B6B204F7}.Release|x64.Build.0 = Release|Any CPU
		{CD7EBB68-9508-4D20-AE31-57D6B6B204F7}.Release|x86.ActiveCfg = Release|Any CPU
		{CD7EBB68-9508-4D20-AE31-57D6B6B204F7}.Release|x86.Build.0 = Release|Any CPU
		{600C5F21-EAC1-4D51-ADDE-56188042BEF7}.Debug|Any CPU.ActiveCfg = Debug|Any CPU
		{600C5F21-EAC1-4D51-ADDE-56188042BEF7}.Debug|Any CPU.Build.0 = Debug|Any CPU
		{600C5F21-EAC1-4D51-ADDE-56188042BEF7}.Debug|x64.ActiveCfg = Debug|Any CPU
		{600C5F21-EAC1-4D51-ADDE-56188042BEF7}.Debug|x64.Build.0 = Debug|Any CPU
		{600C5F21-EAC1-4D51-ADDE-56188042BEF7}.Debug|x86.ActiveCfg = Debug|Any CPU
		{600C5F21-EAC1-4D51-ADDE-56188042BEF7}.Debug|x86.Build.0 = Debug|Any CPU
		{600C5F21-EAC1-4D51-ADDE-56188042BEF7}.Release|Any CPU.ActiveCfg = Release|Any CPU
		{600C5F21-EAC1-4D51-ADDE-56188042BEF7}.Release|Any CPU.Build.0 = Release|Any CPU
		{600C5F21-EAC1-4D51-ADDE-56188042BEF7}.Release|x64.ActiveCfg = Release|Any CPU
		{600C5F21-EAC1-4D51-ADDE-56188042BEF7}.Release|x64.Build.0 = Release|Any CPU
		{600C5F21-EAC1-4D51-ADDE-56188042BEF7}.Release|x86.ActiveCfg = Release|Any CPU
		{600C5F21-EAC1-4D51-ADDE-56188042BEF7}.Release|x86.Build.0 = Release|Any CPU
		{0D41C06F-7659-43F1-9938-D0277A0863B2}.Debug|Any CPU.ActiveCfg = Debug|Any CPU
		{0D41C06F-7659-43F1-9938-D0277A0863B2}.Debug|Any CPU.Build.0 = Debug|Any CPU
		{0D41C06F-7659-43F1-9938-D0277A0863B2}.Debug|x64.ActiveCfg = Debug|Any CPU
		{0D41C06F-7659-43F1-9938-D0277A0863B2}.Debug|x64.Build.0 = Debug|Any CPU
		{0D41C06F-7659-43F1-9938-D0277A0863B2}.Debug|x86.ActiveCfg = Debug|Any CPU
		{0D41C06F-7659-43F1-9938-D0277A0863B2}.Debug|x86.Build.0 = Debug|Any CPU
		{0D41C06F-7659-43F1-9938-D0277A0863B2}.Release|Any CPU.ActiveCfg = Release|Any CPU
		{0D41C06F-7659-43F1-9938-D0277A0863B2}.Release|Any CPU.Build.0 = Release|Any CPU
		{0D41C06F-7659-43F1-9938-D0277A0863B2}.Release|x64.ActiveCfg = Release|Any CPU
		{0D41C06F-7659-43F1-9938-D0277A0863B2}.Release|x64.Build.0 = Release|Any CPU
		{0D41C06F-7659-43F1-9938-D0277A0863B2}.Release|x86.ActiveCfg = Release|Any CPU
		{0D41C06F-7659-43F1-9938-D0277A0863B2}.Release|x86.Build.0 = Release|Any CPU
		{2087F183-3544-4E87-8AD1-01D668E60444}.Debug|Any CPU.ActiveCfg = Debug|Any CPU
		{2087F183-3544-4E87-8AD1-01D668E60444}.Debug|Any CPU.Build.0 = Debug|Any CPU
		{2087F183-3544-4E87-8AD1-01D668E60444}.Debug|x64.ActiveCfg = Debug|Any CPU
		{2087F183-3544-4E87-8AD1-01D668E60444}.Debug|x64.Build.0 = Debug|Any CPU
		{2087F183-3544-4E87-8AD1-01D668E60444}.Debug|x86.ActiveCfg = Debug|Any CPU
		{2087F183-3544-4E87-8AD1-01D668E60444}.Debug|x86.Build.0 = Debug|Any CPU
		{2087F183-3544-4E87-8AD1-01D668E60444}.Release|Any CPU.ActiveCfg = Release|Any CPU
		{2087F183-3544-4E87-8AD1-01D668E60444}.Release|Any CPU.Build.0 = Release|Any CPU
		{2087F183-3544-4E87-8AD1-01D668E60444}.Release|x64.ActiveCfg = Release|Any CPU
		{2087F183-3544-4E87-8AD1-01D668E60444}.Release|x64.Build.0 = Release|Any CPU
		{2087F183-3544-4E87-8AD1-01D668E60444}.Release|x86.ActiveCfg = Release|Any CPU
		{2087F183-3544-4E87-8AD1-01D668E60444}.Release|x86.Build.0 = Release|Any CPU
		{DCBD8D78-4C3D-484F-B79C-38034C467DE2}.Debug|Any CPU.ActiveCfg = Debug|Any CPU
		{DCBD8D78-4C3D-484F-B79C-38034C467DE2}.Debug|Any CPU.Build.0 = Debug|Any CPU
		{DCBD8D78-4C3D-484F-B79C-38034C467DE2}.Debug|x64.ActiveCfg = Debug|Any CPU
		{DCBD8D78-4C3D-484F-B79C-38034C467DE2}.Debug|x64.Build.0 = Debug|Any CPU
		{DCBD8D78-4C3D-484F-B79C-38034C467DE2}.Debug|x86.ActiveCfg = Debug|Any CPU
		{DCBD8D78-4C3D-484F-B79C-38034C467DE2}.Debug|x86.Build.0 = Debug|Any CPU
		{DCBD8D78-4C3D-484F-B79C-38034C467DE2}.Release|Any CPU.ActiveCfg = Release|Any CPU
		{DCBD8D78-4C3D-484F-B79C-38034C467DE2}.Release|Any CPU.Build.0 = Release|Any CPU
		{DCBD8D78-4C3D-484F-B79C-38034C467DE2}.Release|x64.ActiveCfg = Release|Any CPU
		{DCBD8D78-4C3D-484F-B79C-38034C467DE2}.Release|x64.Build.0 = Release|Any CPU
		{DCBD8D78-4C3D-484F-B79C-38034C467DE2}.Release|x86.ActiveCfg = Release|Any CPU
		{DCBD8D78-4C3D-484F-B79C-38034C467DE2}.Release|x86.Build.0 = Release|Any CPU
		{8BC9E49D-47AD-4F9E-B657-EB8DEE22C2D4}.Debug|Any CPU.ActiveCfg = Debug|Any CPU
		{8BC9E49D-47AD-4F9E-B657-EB8DEE22C2D4}.Debug|Any CPU.Build.0 = Debug|Any CPU
		{8BC9E49D-47AD-4F9E-B657-EB8DEE22C2D4}.Debug|x64.ActiveCfg = Debug|Any CPU
		{8BC9E49D-47AD-4F9E-B657-EB8DEE22C2D4}.Debug|x64.Build.0 = Debug|Any CPU
		{8BC9E49D-47AD-4F9E-B657-EB8DEE22C2D4}.Debug|x86.ActiveCfg = Debug|Any CPU
		{8BC9E49D-47AD-4F9E-B657-EB8DEE22C2D4}.Debug|x86.Build.0 = Debug|Any CPU
		{8BC9E49D-47AD-4F9E-B657-EB8DEE22C2D4}.Release|Any CPU.ActiveCfg = Release|Any CPU
		{8BC9E49D-47AD-4F9E-B657-EB8DEE22C2D4}.Release|Any CPU.Build.0 = Release|Any CPU
		{8BC9E49D-47AD-4F9E-B657-EB8DEE22C2D4}.Release|x64.ActiveCfg = Release|Any CPU
		{8BC9E49D-47AD-4F9E-B657-EB8DEE22C2D4}.Release|x64.Build.0 = Release|Any CPU
		{8BC9E49D-47AD-4F9E-B657-EB8DEE22C2D4}.Release|x86.ActiveCfg = Release|Any CPU
		{8BC9E49D-47AD-4F9E-B657-EB8DEE22C2D4}.Release|x86.Build.0 = Release|Any CPU
		{F7D01144-7447-4D0F-A592-2796F68D1828}.Debug|Any CPU.ActiveCfg = Debug|Any CPU
		{F7D01144-7447-4D0F-A592-2796F68D1828}.Debug|Any CPU.Build.0 = Debug|Any CPU
		{F7D01144-7447-4D0F-A592-2796F68D1828}.Debug|x64.ActiveCfg = Debug|Any CPU
		{F7D01144-7447-4D0F-A592-2796F68D1828}.Debug|x64.Build.0 = Debug|Any CPU
		{F7D01144-7447-4D0F-A592-2796F68D1828}.Debug|x86.ActiveCfg = Debug|Any CPU
		{F7D01144-7447-4D0F-A592-2796F68D1828}.Debug|x86.Build.0 = Debug|Any CPU
		{F7D01144-7447-4D0F-A592-2796F68D1828}.Release|Any CPU.ActiveCfg = Release|Any CPU
		{F7D01144-7447-4D0F-A592-2796F68D1828}.Release|Any CPU.Build.0 = Release|Any CPU
		{F7D01144-7447-4D0F-A592-2796F68D1828}.Release|x64.ActiveCfg = Release|Any CPU
		{F7D01144-7447-4D0F-A592-2796F68D1828}.Release|x64.Build.0 = Release|Any CPU
		{F7D01144-7447-4D0F-A592-2796F68D1828}.Release|x86.ActiveCfg = Release|Any CPU
		{F7D01144-7447-4D0F-A592-2796F68D1828}.Release|x86.Build.0 = Release|Any CPU
		{C7362340-DB5C-456A-8077-7264F97577AF}.Debug|Any CPU.ActiveCfg = Debug|Any CPU
		{C7362340-DB5C-456A-8077-7264F97577AF}.Debug|Any CPU.Build.0 = Debug|Any CPU
		{C7362340-DB5C-456A-8077-7264F97577AF}.Debug|x64.ActiveCfg = Debug|Any CPU
		{C7362340-DB5C-456A-8077-7264F97577AF}.Debug|x64.Build.0 = Debug|Any CPU
		{C7362340-DB5C-456A-8077-7264F97577AF}.Debug|x86.ActiveCfg = Debug|Any CPU
		{C7362340-DB5C-456A-8077-7264F97577AF}.Debug|x86.Build.0 = Debug|Any CPU
		{C7362340-DB5C-456A-8077-7264F97577AF}.Release|Any CPU.ActiveCfg = Release|Any CPU
		{C7362340-DB5C-456A-8077-7264F97577AF}.Release|Any CPU.Build.0 = Release|Any CPU
		{C7362340-DB5C-456A-8077-7264F97577AF}.Release|x64.ActiveCfg = Release|Any CPU
		{C7362340-DB5C-456A-8077-7264F97577AF}.Release|x64.Build.0 = Release|Any CPU
		{C7362340-DB5C-456A-8077-7264F97577AF}.Release|x86.ActiveCfg = Release|Any CPU
		{C7362340-DB5C-456A-8077-7264F97577AF}.Release|x86.Build.0 = Release|Any CPU
		{9B4B6A20-A21E-4249-83AD-B1673B910207}.Debug|Any CPU.ActiveCfg = Debug|Any CPU
		{9B4B6A20-A21E-4249-83AD-B1673B910207}.Debug|Any CPU.Build.0 = Debug|Any CPU
		{9B4B6A20-A21E-4249-83AD-B1673B910207}.Debug|x64.ActiveCfg = Debug|Any CPU
		{9B4B6A20-A21E-4249-83AD-B1673B910207}.Debug|x64.Build.0 = Debug|Any CPU
		{9B4B6A20-A21E-4249-83AD-B1673B910207}.Debug|x86.ActiveCfg = Debug|Any CPU
		{9B4B6A20-A21E-4249-83AD-B1673B910207}.Debug|x86.Build.0 = Debug|Any CPU
		{9B4B6A20-A21E-4249-83AD-B1673B910207}.Release|Any CPU.ActiveCfg = Release|Any CPU
		{9B4B6A20-A21E-4249-83AD-B1673B910207}.Release|Any CPU.Build.0 = Release|Any CPU
		{9B4B6A20-A21E-4249-83AD-B1673B910207}.Release|x64.ActiveCfg = Release|Any CPU
		{9B4B6A20-A21E-4249-83AD-B1673B910207}.Release|x64.Build.0 = Release|Any CPU
		{9B4B6A20-A21E-4249-83AD-B1673B910207}.Release|x86.ActiveCfg = Release|Any CPU
		{9B4B6A20-A21E-4249-83AD-B1673B910207}.Release|x86.Build.0 = Release|Any CPU
		{40C7E791-3D2A-44B2-B3E0-360247AFAF76}.Debug|Any CPU.ActiveCfg = Debug|Any CPU
		{40C7E791-3D2A-44B2-B3E0-360247AFAF76}.Debug|Any CPU.Build.0 = Debug|Any CPU
		{40C7E791-3D2A-44B2-B3E0-360247AFAF76}.Debug|x64.ActiveCfg = Debug|Any CPU
		{40C7E791-3D2A-44B2-B3E0-360247AFAF76}.Debug|x64.Build.0 = Debug|Any CPU
		{40C7E791-3D2A-44B2-B3E0-360247AFAF76}.Debug|x86.ActiveCfg = Debug|Any CPU
		{40C7E791-3D2A-44B2-B3E0-360247AFAF76}.Debug|x86.Build.0 = Debug|Any CPU
		{40C7E791-3D2A-44B2-B3E0-360247AFAF76}.Release|Any CPU.ActiveCfg = Release|Any CPU
		{40C7E791-3D2A-44B2-B3E0-360247AFAF76}.Release|Any CPU.Build.0 = Release|Any CPU
		{40C7E791-3D2A-44B2-B3E0-360247AFAF76}.Release|x64.ActiveCfg = Release|Any CPU
		{40C7E791-3D2A-44B2-B3E0-360247AFAF76}.Release|x64.Build.0 = Release|Any CPU
		{40C7E791-3D2A-44B2-B3E0-360247AFAF76}.Release|x86.ActiveCfg = Release|Any CPU
		{40C7E791-3D2A-44B2-B3E0-360247AFAF76}.Release|x86.Build.0 = Release|Any CPU
		{34EC70BD-0F3F-4F33-97CB-24585C011632}.Debug|Any CPU.ActiveCfg = Debug|Any CPU
		{34EC70BD-0F3F-4F33-97CB-24585C011632}.Debug|Any CPU.Build.0 = Debug|Any CPU
		{34EC70BD-0F3F-4F33-97CB-24585C011632}.Debug|x64.ActiveCfg = Debug|Any CPU
		{34EC70BD-0F3F-4F33-97CB-24585C011632}.Debug|x64.Build.0 = Debug|Any CPU
		{34EC70BD-0F3F-4F33-97CB-24585C011632}.Debug|x86.ActiveCfg = Debug|Any CPU
		{34EC70BD-0F3F-4F33-97CB-24585C011632}.Debug|x86.Build.0 = Debug|Any CPU
		{34EC70BD-0F3F-4F33-97CB-24585C011632}.Release|Any CPU.ActiveCfg = Release|Any CPU
		{34EC70BD-0F3F-4F33-97CB-24585C011632}.Release|Any CPU.Build.0 = Release|Any CPU
		{34EC70BD-0F3F-4F33-97CB-24585C011632}.Release|x64.ActiveCfg = Release|Any CPU
		{34EC70BD-0F3F-4F33-97CB-24585C011632}.Release|x64.Build.0 = Release|Any CPU
		{34EC70BD-0F3F-4F33-97CB-24585C011632}.Release|x86.ActiveCfg = Release|Any CPU
		{34EC70BD-0F3F-4F33-97CB-24585C011632}.Release|x86.Build.0 = Release|Any CPU
		{D90C77BA-D078-4620-905B-9DE11F108976}.Debug|Any CPU.ActiveCfg = Debug|Any CPU
		{D90C77BA-D078-4620-905B-9DE11F108976}.Debug|Any CPU.Build.0 = Debug|Any CPU
		{D90C77BA-D078-4620-905B-9DE11F108976}.Debug|x64.ActiveCfg = Debug|Any CPU
		{D90C77BA-D078-4620-905B-9DE11F108976}.Debug|x64.Build.0 = Debug|Any CPU
		{D90C77BA-D078-4620-905B-9DE11F108976}.Debug|x86.ActiveCfg = Debug|Any CPU
		{D90C77BA-D078-4620-905B-9DE11F108976}.Debug|x86.Build.0 = Debug|Any CPU
		{D90C77BA-D078-4620-905B-9DE11F108976}.Release|Any CPU.ActiveCfg = Release|Any CPU
		{D90C77BA-D078-4620-905B-9DE11F108976}.Release|Any CPU.Build.0 = Release|Any CPU
		{D90C77BA-D078-4620-905B-9DE11F108976}.Release|x64.ActiveCfg = Release|Any CPU
		{D90C77BA-D078-4620-905B-9DE11F108976}.Release|x64.Build.0 = Release|Any CPU
		{D90C77BA-D078-4620-905B-9DE11F108976}.Release|x86.ActiveCfg = Release|Any CPU
		{D90C77BA-D078-4620-905B-9DE11F108976}.Release|x86.Build.0 = Release|Any CPU
		{53FBD9C8-F000-444E-9212-39DE0F0990FB}.Debug|Any CPU.ActiveCfg = Debug|Any CPU
		{53FBD9C8-F000-444E-9212-39DE0F0990FB}.Debug|Any CPU.Build.0 = Debug|Any CPU
		{53FBD9C8-F000-444E-9212-39DE0F0990FB}.Debug|x64.ActiveCfg = Debug|Any CPU
		{53FBD9C8-F000-444E-9212-39DE0F0990FB}.Debug|x64.Build.0 = Debug|Any CPU
		{53FBD9C8-F000-444E-9212-39DE0F0990FB}.Debug|x86.ActiveCfg = Debug|Any CPU
		{53FBD9C8-F000-444E-9212-39DE0F0990FB}.Debug|x86.Build.0 = Debug|Any CPU
		{53FBD9C8-F000-444E-9212-39DE0F0990FB}.Release|Any CPU.ActiveCfg = Release|Any CPU
		{53FBD9C8-F000-444E-9212-39DE0F0990FB}.Release|Any CPU.Build.0 = Release|Any CPU
		{53FBD9C8-F000-444E-9212-39DE0F0990FB}.Release|x64.ActiveCfg = Release|Any CPU
		{53FBD9C8-F000-444E-9212-39DE0F0990FB}.Release|x64.Build.0 = Release|Any CPU
		{53FBD9C8-F000-444E-9212-39DE0F0990FB}.Release|x86.ActiveCfg = Release|Any CPU
		{53FBD9C8-F000-444E-9212-39DE0F0990FB}.Release|x86.Build.0 = Release|Any CPU
		{A79DE3FD-E198-460F-8C18-EAB12F4BBAEE}.Debug|Any CPU.ActiveCfg = Debug|Any CPU
		{A79DE3FD-E198-460F-8C18-EAB12F4BBAEE}.Debug|Any CPU.Build.0 = Debug|Any CPU
		{A79DE3FD-E198-460F-8C18-EAB12F4BBAEE}.Debug|x64.ActiveCfg = Debug|Any CPU
		{A79DE3FD-E198-460F-8C18-EAB12F4BBAEE}.Debug|x64.Build.0 = Debug|Any CPU
		{A79DE3FD-E198-460F-8C18-EAB12F4BBAEE}.Debug|x86.ActiveCfg = Debug|Any CPU
		{A79DE3FD-E198-460F-8C18-EAB12F4BBAEE}.Debug|x86.Build.0 = Debug|Any CPU
		{A79DE3FD-E198-460F-8C18-EAB12F4BBAEE}.Release|Any CPU.ActiveCfg = Release|Any CPU
		{A79DE3FD-E198-460F-8C18-EAB12F4BBAEE}.Release|Any CPU.Build.0 = Release|Any CPU
		{A79DE3FD-E198-460F-8C18-EAB12F4BBAEE}.Release|x64.ActiveCfg = Release|Any CPU
		{A79DE3FD-E198-460F-8C18-EAB12F4BBAEE}.Release|x64.Build.0 = Release|Any CPU
		{A79DE3FD-E198-460F-8C18-EAB12F4BBAEE}.Release|x86.ActiveCfg = Release|Any CPU
		{A79DE3FD-E198-460F-8C18-EAB12F4BBAEE}.Release|x86.Build.0 = Release|Any CPU
	EndGlobalSection
	GlobalSection(SolutionProperties) = preSolution
		HideSolutionNode = FALSE
	EndGlobalSection
	GlobalSection(NestedProjects) = preSolution
		{79D04894-412F-46C9-8645-C79E07505EEC} = {24B11D41-9E8A-4D46-857E-DE71DABC6D80}
		{01610514-FA02-445B-A1E0-656779979D0B} = {24B11D41-9E8A-4D46-857E-DE71DABC6D80}
		{5768FBCD-D696-43A4-B614-B86D4E254B61} = {24B11D41-9E8A-4D46-857E-DE71DABC6D80}
		{CD7EBB68-9508-4D20-AE31-57D6B6B204F7} = {24B11D41-9E8A-4D46-857E-DE71DABC6D80}
		{600C5F21-EAC1-4D51-ADDE-56188042BEF7} = {24B11D41-9E8A-4D46-857E-DE71DABC6D80}
		{0D41C06F-7659-43F1-9938-D0277A0863B2} = {24B11D41-9E8A-4D46-857E-DE71DABC6D80}
		{2087F183-3544-4E87-8AD1-01D668E60444} = {24B11D41-9E8A-4D46-857E-DE71DABC6D80}
		{DCBD8D78-4C3D-484F-B79C-38034C467DE2} = {24B11D41-9E8A-4D46-857E-DE71DABC6D80}
		{8BC9E49D-47AD-4F9E-B657-EB8DEE22C2D4} = {24B11D41-9E8A-4D46-857E-DE71DABC6D80}
		{F7D01144-7447-4D0F-A592-2796F68D1828} = {24B11D41-9E8A-4D46-857E-DE71DABC6D80}
		{34EC70BD-0F3F-4F33-97CB-24585C011632} = {24B11D41-9E8A-4D46-857E-DE71DABC6D80}
		{53FBD9C8-F000-444E-9212-39DE0F0990FB} = {24B11D41-9E8A-4D46-857E-DE71DABC6D80}
	EndGlobalSection
	GlobalSection(ExtensibilityGlobals) = postSolution
		SolutionGuid = {3E9356A7-1A04-410A-B6D8-968A9238B557}
	EndGlobalSection
EndGlobal
